{
  "requires": true,
  "lockfileVersion": 1,
  "dependencies": {
    "concept-network": {
      "version": "1.2.0",
      "resolved": "https://registry.npmjs.org/concept-network/-/concept-network-1.2.0.tgz",
      "integrity": "sha1-HdqYVKvmlpeBKE1LjesmF0BPPXU=",
      "requires": {
        "debug": "0.7.x"
      },
      "dependencies": {
        "debug": {
          "version": "0.7.4",
          "resolved": "https://registry.npmjs.org/debug/-/debug-0.7.4.tgz",
          "integrity": "sha1-BuHqgILCyxTjmAbiLi9vdX+Srzk="
        }
      }
    },
    "debug": {
      "version": "2.6.9",
      "resolved": "https://registry.npmjs.org/debug/-/debug-2.6.9.tgz",
      "integrity": "sha512-bC7ElrdJaJnPbAP+1EotYvqZsb3ecl5wi6Bfi6BJTUcNowp6cvspg0jXznRTKDjm/E7AdgFBVeAPVMNcKGsHMA==",
      "requires": {
        "ms": "2.0.0"
      }
    },
    "ector": {
      "version": "1.0.1",
      "resolved": "https://registry.npmjs.org/ector/-/ector-1.0.1.tgz",
      "integrity": "sha1-jAaiMlnsFYNEbEsx5vYLGAHHCpM=",
      "requires": {
        "concept-network": "1.2.0",
        "debug": "^2.2.0",
        "random-weighted-choice": "^0.1.2",
        "sentence-tokenizer": "*",
        "sugar": "^1.3.9"
      }
    },
    "eddy-malou": {
      "version": "999.0.0",
      "resolved": "https://registry.npmjs.org/eddy-malou/-/eddy-malou-999.0.0.tgz",
      "integrity": "sha1-7yS9PdxdP2fW1NRVItbUhZLYX2E="
    },
    "ms": {
      "version": "2.0.0",
      "resolved": "https://registry.npmjs.org/ms/-/ms-2.0.0.tgz",
      "integrity": "sha1-VgiurfwAvmwpAd9fmGF4jeDVl8g="
    },
    "random-weighted-choice": {
      "version": "0.1.3",
      "resolved": "https://registry.npmjs.org/random-weighted-choice/-/random-weighted-choice-0.1.3.tgz",
      "integrity": "sha1-rnGm/444VD7gcoYwDcUb9j+jsC8=",
      "requires": {
        "debug": "^2.2.0"
      }
    },
    "sentence-tokenizer": {
      "version": "1.0.1",
      "resolved": "https://registry.npmjs.org/sentence-tokenizer/-/sentence-tokenizer-1.0.1.tgz",
      "integrity": "sha512-nmKF6fXmgZouD3AfWgYCmr35g7g7ObtbTlEFRVx2oj/ptrCOrosixrhXhWUdnPRdze7xhMf4IcliAa021BMXTA==",
      "requires": {
        "debug": "4.1.0"
      },
      "dependencies": {
        "debug": {
          "version": "4.1.0",
          "resolved": "https://registry.npmjs.org/debug/-/debug-4.1.0.tgz",
          "integrity": "sha512-heNPJUJIqC+xB6ayLAMHaIrmN9HKa7aQO8MGqKpvCA+uJYVcvR6l5kgdrhRuwPFHU7P5/A1w0BjByPHwpfTDKg==",
          "requires": {
            "ms": "^2.1.1"
          }
        },
        "ms": {
          "version": "2.1.1",
          "resolved": "https://registry.npmjs.org/ms/-/ms-2.1.1.tgz",
          "integrity": "sha512-tgp+dl5cGk28utYktBsrFqA7HKgrhgPsg6Z/EfhWI4gl1Hwq8B/GmY/0oXZ6nF8hDVesS/FpnYaD/kOWhYQvyg=="
        }
      }
    },
    "sugar": {
      "version": "1.5.0",
      "resolved": "https://registry.npmjs.org/sugar/-/sugar-1.5.0.tgz",
      "integrity": "sha1-2dP7oQ96iH4G5q37B4onrLH8BVY="
    }
  }
}
